
Microsoft Visual Studio Solution File, Format Version 12.00
# Visual Studio Version 16
VisualStudioVersion = 16.0.31321.278
MinimumVisualStudioVersion = 10.0.40219.1
Project("{FAE04EC0-301F-11D3-BF4B-00C04F79EFBC}") = "C_Sharp_Lesson-4", "C_Sharp_Lesson-4.csproj", "{D4AC9D6F-5812-486B-A0AD-1B1D9C7D99C2}"
EndProject
Global
	GlobalSection(SolutionConfigurationPlatforms) = preSolution
		Debug|Any CPU = Debug|Any CPU
		Release|Any CPU = Release|Any CPU
	EndGlobalSection
	GlobalSection(ProjectConfigurationPlatforms) = postSolution
		{D4AC9D6F-5812-486B-A0AD-1B1D9C7D99C2}.Debug|Any CPU.ActiveCfg = Debug|Any CPU
		{D4AC9D6F-5812-486B-A0AD-1B1D9C7D99C2}.Debug|Any CPU.Build.0 = Debug|Any CPU
		{D4AC9D6F-5812-486B-A0AD-1B1D9C7D99C2}.Release|Any CPU.ActiveCfg = Release|Any CPU
		{D4AC9D6F-5812-486B-A0AD-1B1D9C7D99C2}.Release|Any CPU.Build.0 = Release|Any CPU
	EndGlobalSection
	GlobalSection(SolutionProperties) = preSolution
		HideSolutionNode = FALSE
	EndGlobalSection
	GlobalSection(ExtensibilityGlobals) = postSolution
		SolutionGuid = {6960C1A4-FC4C-4F3A-9384-7F3FE608E0BE}
	EndGlobalSection
EndGlobal
