
Microsoft Visual Studio Solution File, Format Version 12.00
# Visual Studio Version 16
VisualStudioVersion = 16.0.31321.278
MinimumVisualStudioVersion = 10.0.40219.1
Project("{FAE04EC0-301F-11D3-BF4B-00C04F79EFBC}") = "C_Sharp_Lesson-3_Ex-3", "C_Sharp_Lesson-3_Ex-3.csproj", "{9A4BF241-35F6-4352-A98D-69261D4D5EBC}"
EndProject
Global
	GlobalSection(SolutionConfigurationPlatforms) = preSolution
		Debug|Any CPU = Debug|Any CPU
		Release|Any CPU = Release|Any CPU
	EndGlobalSection
	GlobalSection(ProjectConfigurationPlatforms) = postSolution
		{9A4BF241-35F6-4352-A98D-69261D4D5EBC}.Debug|Any CPU.ActiveCfg = Debug|Any CPU
		{9A4BF241-35F6-4352-A98D-69261D4D5EBC}.Debug|Any CPU.Build.0 = Debug|Any CPU
		{9A4BF241-35F6-4352-A98D-69261D4D5EBC}.Release|Any CPU.ActiveCfg = Release|Any CPU
		{9A4BF241-35F6-4352-A98D-69261D4D5EBC}.Release|Any CPU.Build.0 = Release|Any CPU
	EndGlobalSection
	GlobalSection(SolutionProperties) = preSolution
		HideSolutionNode = FALSE
	EndGlobalSection
	GlobalSection(ExtensibilityGlobals) = postSolution
		SolutionGuid = {2C5769B4-6243-42E7-B2D5-A31C276D9236}
	EndGlobalSection
EndGlobal
